
Microsoft Visual Studio Solution File, Format Version 12.00
Project("{FAE04EC0-301F-11D3-BF4B-00C04F79EFBC}") = "MP_KT13_2025", "MP_KT13_2025.csproj", "{A26747ED-E09A-4B8B-AD81-A5F8611FDE71}"
EndProject
Global
	GlobalSection(SolutionConfigurationPlatforms) = preSolution
		Debug|Any CPU = Debug|Any CPU
		Release|Any CPU = Release|Any CPU
	EndGlobalSection
	GlobalSection(ProjectConfigurationPlatforms) = postSolution
		{A26747ED-E09A-4B8B-AD81-A5F8611FDE71}.Debug|Any CPU.ActiveCfg = Debug|Any CPU
		{A26747ED-E09A-4B8B-AD81-A5F8611FDE71}.Debug|Any CPU.Build.0 = Debug|Any CPU
		{A26747ED-E09A-4B8B-AD81-A5F8611FDE71}.Release|Any CPU.ActiveCfg = Release|Any CPU
		{A26747ED-E09A-4B8B-AD81-A5F8611FDE71}.Release|Any CPU.Build.0 = Release|Any CPU
	EndGlobalSection
EndGlobal
